
Microsoft Visual Studio Solution File, Format Version 12.00
# Visual Studio Version 17
VisualStudioVersion = 17.14.37012.4 d17.14
MinimumVisualStudioVersion = 10.0.40219.1
Project("{FAE04EC0-301F-11D3-BF4B-00C04F79EFBC}") = "ColdWater", "ColdWater.csproj", "{6F76090B-59BF-C89D-AAB7-464B6DD0FCC0}"
EndProject
Global
	GlobalSection(SolutionConfigurationPlatforms) = preSolution
		Debug|Any CPU = Debug|Any CPU
		Release|Any CPU = Release|Any CPU
	EndGlobalSection
	GlobalSection(ProjectConfigurationPlatforms) = postSolution
		{6F76090B-59BF-C89D-AAB7-464B6DD0FCC0}.Debug|Any CPU.ActiveCfg = Debug|Any CPU
		{6F76090B-59BF-C89D-AAB7-464B6DD0FCC0}.Debug|Any CPU.Build.0 = Debug|Any CPU
		{6F76090B-59BF-C89D-AAB7-464B6DD0FCC0}.Release|Any CPU.ActiveCfg = Release|Any CPU
		{6F76090B-59BF-C89D-AAB7-464B6DD0FCC0}.Release|Any CPU.Build.0 = Release|Any CPU
	EndGlobalSection
	GlobalSection(SolutionProperties) = preSolution
		HideSolutionNode = FALSE
	EndGlobalSection
	GlobalSection(ExtensibilityGlobals) = postSolution
		SolutionGuid = {1A849CBA-F42E-4222-A51F-4232BCD2BDD9}
	EndGlobalSection
EndGlobal
